{
  "name": "monorepo-package-prototype",
  "lockfileVersion": 3,
  "requires": true,
  "packages": {
    "": {
      "name": "monorepo-package-prototype",
      "workspaces": [
        "multiply"
      ]
    },
    "multiply": {
      "version": "0.1.0"
    },
    "node_modules/multiply": {
      "resolved": "multiply",
      "link": true
    }
  }
}
